
Microsoft Visual Studio Solution File, Format Version 12.00
# Visual Studio Version 17
VisualStudioVersion = 17.6.33723.286
MinimumVisualStudioVersion = 10.0.40219.1
Project("{9A19103F-16F7-4668-BE54-9A1E7A4F7556}") = "embps", "embps\embps.csproj", "{960A2477-306E-4E62-9228-1D82767C0601}"
EndProject
Project("{FAE04EC0-301F-11D3-BF4B-00C04F79EFBC}") = "somelib", "somelib\somelib.csproj", "{EC27ACA8-3682-448E-9DFE-47234C6227B0}"
EndProject
Project("{FAE04EC0-301F-11D3-BF4B-00C04F79EFBC}") = "dyncs", "dyncs\dyncs.csproj", "{573DCEDC-5DF0-48D5-B351-FA9441F5FDA7}"
EndProject
Global
	GlobalSection(SolutionConfigurationPlatforms) = preSolution
		Debug|Any CPU = Debug|Any CPU
		Release|Any CPU = Release|Any CPU
	EndGlobalSection
	GlobalSection(ProjectConfigurationPlatforms) = postSolution
		{960A2477-306E-4E62-9228-1D82767C0601}.Debug|Any CPU.ActiveCfg = Debug|Any CPU
		{960A2477-306E-4E62-9228-1D82767C0601}.Debug|Any CPU.Build.0 = Debug|Any CPU
		{960A2477-306E-4E62-9228-1D82767C0601}.Release|Any CPU.ActiveCfg = Release|Any CPU
		{960A2477-306E-4E62-9228-1D82767C0601}.Release|Any CPU.Build.0 = Release|Any CPU
		{EC27ACA8-3682-448E-9DFE-47234C6227B0}.Debug|Any CPU.ActiveCfg = Debug|Any CPU
		{EC27ACA8-3682-448E-9DFE-47234C6227B0}.Debug|Any CPU.Build.0 = Debug|Any CPU
		{EC27ACA8-3682-448E-9DFE-47234C6227B0}.Release|Any CPU.ActiveCfg = Release|Any CPU
		{EC27ACA8-3682-448E-9DFE-47234C6227B0}.Release|Any CPU.Build.0 = Release|Any CPU
		{573DCEDC-5DF0-48D5-B351-FA9441F5FDA7}.Debug|Any CPU.ActiveCfg = Debug|Any CPU
		{573DCEDC-5DF0-48D5-B351-FA9441F5FDA7}.Debug|Any CPU.Build.0 = Debug|Any CPU
		{573DCEDC-5DF0-48D5-B351-FA9441F5FDA7}.Release|Any CPU.ActiveCfg = Release|Any CPU
		{573DCEDC-5DF0-48D5-B351-FA9441F5FDA7}.Release|Any CPU.Build.0 = Release|Any CPU
	EndGlobalSection
	GlobalSection(SolutionProperties) = preSolution
		HideSolutionNode = FALSE
	EndGlobalSection
	GlobalSection(ExtensibilityGlobals) = postSolution
		SolutionGuid = {0EB81724-CBBE-4731-B9CF-2AE8EC6C5892}
	EndGlobalSection
EndGlobal
